{
    "name": "market_dapp",
    "version": "0.0.1",
    "lockfileVersion": 1,
    "requires": true,
    "dependencies": {
        "bulma": {
            "version": "0.9.4",
            "resolved": "https://registry.npmjs.org/bulma/-/bulma-0.9.4.tgz",
            "integrity": "sha512-86FlT5+1GrsgKbPLRRY7cGDg8fsJiP/jzTqXXVqiUZZ2aZT8uemEOHlU1CDU+TxklPEZ11HZNNWclRBBecP4CQ=="
        },
        "bulma-toast": {
            "version": "2.4.1",
            "resolved": "https://registry.npmjs.org/bulma-toast/-/bulma-toast-2.4.1.tgz",
            "integrity": "sha512-Gwa40dH0gyO3/azJxzFSZD2PKcFlp55HWyPE3gV8gm1WGXyyKrNDCzFlsY8XqxstNRp+xtcdo2L0Y4df+iWNWg=="
        }
    }
}
